
Microsoft Visual Studio Solution File, Format Version 12.00
# Visual Studio Version 16
VisualStudioVersion = 16.0.30621.155
MinimumVisualStudioVersion = 10.0.40219.1
Project("{FAE04EC0-301F-11D3-BF4B-00C04F79EFBC}") = "helpJakob", "helpJakob\helpJakob.csproj", "{D02EB625-C0D2-4E73-A7B8-81371E535B8C}"
EndProject
Global
	GlobalSection(SolutionConfigurationPlatforms) = preSolution
		Debug|Any CPU = Debug|Any CPU
		Release|Any CPU = Release|Any CPU
	EndGlobalSection
	GlobalSection(ProjectConfigurationPlatforms) = postSolution
		{D02EB625-C0D2-4E73-A7B8-81371E535B8C}.Debug|Any CPU.ActiveCfg = Debug|Any CPU
		{D02EB625-C0D2-4E73-A7B8-81371E535B8C}.Debug|Any CPU.Build.0 = Debug|Any CPU
		{D02EB625-C0D2-4E73-A7B8-81371E535B8C}.Release|Any CPU.ActiveCfg = Release|Any CPU
		{D02EB625-C0D2-4E73-A7B8-81371E535B8C}.Release|Any CPU.Build.0 = Release|Any CPU
	EndGlobalSection
	GlobalSection(SolutionProperties) = preSolution
		HideSolutionNode = FALSE
	EndGlobalSection
	GlobalSection(ExtensibilityGlobals) = postSolution
		SolutionGuid = {9EEF820C-BFA2-46D6-9107-B17AB7918CBE}
	EndGlobalSection
EndGlobal
